
Microsoft Visual Studio Solution File, Format Version 12.00
# Visual Studio Version 17
VisualStudioVersion = 17.11.35312.102
MinimumVisualStudioVersion = 10.0.40219.1
Project("{FAE04EC0-301F-11D3-BF4B-00C04F79EFBC}") = "Fiap.Grupo10.BrizolaJiuJitsu.Api", "Fiap.Grupo10.BrizolaJiuJitsu\Fiap.Grupo10.BrizolaJiuJitsu.Api.csproj", "{FC89B400-11E7-431C-B152-44B59BFE5CF1}"
EndProject
Project("{FAE04EC0-301F-11D3-BF4B-00C04F79EFBC}") = "Fiap.Grupo10.BrizolaJiuJitsu.Domain", "Fiap.Grupo10.BrizolaJiuJitsu.Domain\Fiap.Grupo10.BrizolaJiuJitsu.Domain.csproj", "{FBA7CF8C-F729-48D6-BE79-652455874AB4}"
EndProject
Project("{FAE04EC0-301F-11D3-BF4B-00C04F79EFBC}") = "Fiap.Grupo10.BrizolaJiuJitsu.Infrastructure", "Fiap.Grupo10.BrizolaJiuJitsu.Infrastructure\Fiap.Grupo10.BrizolaJiuJitsu.Infrastructure.csproj", "{150F1063-EE46-4F67-84F8-BF80B0C3BC60}"
EndProject
Project("{FAE04EC0-301F-11D3-BF4B-00C04F79EFBC}") = "Fiap.Grupo10.BrizolaJiuJitsu.Application", "Fiap.Grupo10.BrizolaJiuJitsu.Application\Fiap.Grupo10.BrizolaJiuJitsu.Application.csproj", "{5D41BAA1-3C5C-4646-AB94-15F78027A1D6}"
EndProject
Project("{FAE04EC0-301F-11D3-BF4B-00C04F79EFBC}") = "Fiap.Grupo10.BrizolaJiuJitsu.CrossCutting", "Fiap.Grupo10.BrizolaJiuJitsu.CrossCutting\Fiap.Grupo10.BrizolaJiuJitsu.CrossCutting.csproj", "{F571B69C-8124-4790-936C-02A83A16B244}"
EndProject
Global
	GlobalSection(SolutionConfigurationPlatforms) = preSolution
		Debug|Any CPU = Debug|Any CPU
		Release|Any CPU = Release|Any CPU
	EndGlobalSection
	GlobalSection(ProjectConfigurationPlatforms) = postSolution
		{FC89B400-11E7-431C-B152-44B59BFE5CF1}.Debug|Any CPU.ActiveCfg = Debug|Any CPU
		{FC89B400-11E7-431C-B152-44B59BFE5CF1}.Debug|Any CPU.Build.0 = Debug|Any CPU
		{FC89B400-11E7-431C-B152-44B59BFE5CF1}.Release|Any CPU.ActiveCfg = Release|Any CPU
		{FC89B400-11E7-431C-B152-44B59BFE5CF1}.Release|Any CPU.Build.0 = Release|Any CPU
		{FBA7CF8C-F729-48D6-BE79-652455874AB4}.Debug|Any CPU.ActiveCfg = Debug|Any CPU
		{FBA7CF8C-F729-48D6-BE79-652455874AB4}.Debug|Any CPU.Build.0 = Debug|Any CPU
		{FBA7CF8C-F729-48D6-BE79-652455874AB4}.Release|Any CPU.ActiveCfg = Release|Any CPU
		{FBA7CF8C-F729-48D6-BE79-652455874AB4}.Release|Any CPU.Build.0 = Release|Any CPU
		{150F1063-EE46-4F67-84F8-BF80B0C3BC60}.Debug|Any CPU.ActiveCfg = Debug|Any CPU
		{150F1063-EE46-4F67-84F8-BF80B0C3BC60}.Debug|Any CPU.Build.0 = Debug|Any CPU
		{150F1063-EE46-4F67-84F8-BF80B0C3BC60}.Release|Any CPU.ActiveCfg = Release|Any CPU
		{150F1063-EE46-4F67-84F8-BF80B0C3BC60}.Release|Any CPU.Build.0 = Release|Any CPU
		{5D41BAA1-3C5C-4646-AB94-15F78027A1D6}.Debug|Any CPU.ActiveCfg = Debug|Any CPU
		{5D41BAA1-3C5C-4646-AB94-15F78027A1D6}.Debug|Any CPU.Build.0 = Debug|Any CPU
		{5D41BAA1-3C5C-4646-AB94-15F78027A1D6}.Release|Any CPU.ActiveCfg = Release|Any CPU
		{5D41BAA1-3C5C-4646-AB94-15F78027A1D6}.Release|Any CPU.Build.0 = Release|Any CPU
		{F571B69C-8124-4790-936C-02A83A16B244}.Debug|Any CPU.ActiveCfg = Debug|Any CPU
		{F571B69C-8124-4790-936C-02A83A16B244}.Debug|Any CPU.Build.0 = Debug|Any CPU
		{F571B69C-8124-4790-936C-02A83A16B244}.Release|Any CPU.ActiveCfg = Release|Any CPU
		{F571B69C-8124-4790-936C-02A83A16B244}.Release|Any CPU.Build.0 = Release|Any CPU
	EndGlobalSection
	GlobalSection(SolutionProperties) = preSolution
		HideSolutionNode = FALSE
	EndGlobalSection
	GlobalSection(ExtensibilityGlobals) = postSolution
		SolutionGuid = {EA587DCA-32CD-4147-BBC9-68F099D18D44}
	EndGlobalSection
EndGlobal
